
Microsoft Visual Studio Solution File, Format Version 12.00
# Visual Studio Version 17
VisualStudioVersion = 17.2.32616.157
MinimumVisualStudioVersion = 10.0.40219.1
Project("{FAE04EC0-301F-11D3-BF4B-00C04F79EFBC}") = "OpenWeatherMap API", "OpenWeatherMap API\OpenWeatherMap API.csproj", "{F251D631-A260-48A3-A68F-1A290AF24761}"
EndProject
Global
	GlobalSection(SolutionConfigurationPlatforms) = preSolution
		Debug|Any CPU = Debug|Any CPU
		Release|Any CPU = Release|Any CPU
	EndGlobalSection
	GlobalSection(ProjectConfigurationPlatforms) = postSolution
		{F251D631-A260-48A3-A68F-1A290AF24761}.Debug|Any CPU.ActiveCfg = Debug|Any CPU
		{F251D631-A260-48A3-A68F-1A290AF24761}.Debug|Any CPU.Build.0 = Debug|Any CPU
		{F251D631-A260-48A3-A68F-1A290AF24761}.Release|Any CPU.ActiveCfg = Release|Any CPU
		{F251D631-A260-48A3-A68F-1A290AF24761}.Release|Any CPU.Build.0 = Release|Any CPU
	EndGlobalSection
	GlobalSection(SolutionProperties) = preSolution
		HideSolutionNode = FALSE
	EndGlobalSection
	GlobalSection(ExtensibilityGlobals) = postSolution
		SolutionGuid = {B2464318-D39E-4CBD-8C58-8DB167805436}
	EndGlobalSection
EndGlobal
